
Microsoft Visual Studio Solution File, Format Version 12.00
# Visual Studio 15
VisualStudioVersion = 15.0.28307.2017
MinimumVisualStudioVersion = 10.0.40219.1
Project("{9A19103F-16F7-4668-BE54-9A1E7A4F7556}") = "EmployeeMgmt", "EmployeeMgmt\EmployeeMgmt.csproj", "{99B35B11-F210-4404-89EF-37F165772465}"
EndProject
Project("{FAE04EC0-301F-11D3-BF4B-00C04F79EFBC}") = "EmployeeMgmt.DataAccess", "EmployeeMgmt.DataAccess\EmployeeMgmt.DataAccess.csproj", "{75976A38-B93D-48DD-91D6-EDF233262163}"
EndProject
Global
	GlobalSection(SolutionConfigurationPlatforms) = preSolution
		Debug|Any CPU = Debug|Any CPU
		Release|Any CPU = Release|Any CPU
	EndGlobalSection
	GlobalSection(ProjectConfigurationPlatforms) = postSolution
		{99B35B11-F210-4404-89EF-37F165772465}.Debug|Any CPU.ActiveCfg = Debug|Any CPU
		{99B35B11-F210-4404-89EF-37F165772465}.Debug|Any CPU.Build.0 = Debug|Any CPU
		{99B35B11-F210-4404-89EF-37F165772465}.Release|Any CPU.ActiveCfg = Release|Any CPU
		{99B35B11-F210-4404-89EF-37F165772465}.Release|Any CPU.Build.0 = Release|Any CPU
		{75976A38-B93D-48DD-91D6-EDF233262163}.Debug|Any CPU.ActiveCfg = Debug|Any CPU
		{75976A38-B93D-48DD-91D6-EDF233262163}.Debug|Any CPU.Build.0 = Debug|Any CPU
		{75976A38-B93D-48DD-91D6-EDF233262163}.Release|Any CPU.ActiveCfg = Release|Any CPU
		{75976A38-B93D-48DD-91D6-EDF233262163}.Release|Any CPU.Build.0 = Release|Any CPU
	EndGlobalSection
	GlobalSection(SolutionProperties) = preSolution
		HideSolutionNode = FALSE
	EndGlobalSection
	GlobalSection(ExtensibilityGlobals) = postSolution
		SolutionGuid = {8A3C6943-0FBB-4E02-88D1-BCF81B6EDA3C}
	EndGlobalSection
EndGlobal
