
Microsoft Visual Studio Solution File, Format Version 12.00
# Visual Studio 15
VisualStudioVersion = 15.0.28307.2017
MinimumVisualStudioVersion = 10.0.40219.1
Project("{FAE04EC0-301F-11D3-BF4B-00C04F79EFBC}") = "SpyStore.DAL", "SpyStore.DAL\SpyStore.DAL.csproj", "{F827333F-5203-4DBA-B69D-1AE8443E4F91}"
EndProject
Project("{FAE04EC0-301F-11D3-BF4B-00C04F79EFBC}") = "SpyStore.Models", "SpyStore.Models\SpyStore.Models.csproj", "{E37E99FA-3D54-416A-9A09-578641C784C7}"
EndProject
Project("{FAE04EC0-301F-11D3-BF4B-00C04F79EFBC}") = "SpyStore.Tests", "SpyStore.Tests\SpyStore.Tests.csproj", "{D9B3C75B-F800-466E-8E5D-C84097FC7244}"
EndProject
Global
	GlobalSection(SolutionConfigurationPlatforms) = preSolution
		Debug|Any CPU = Debug|Any CPU
		Release|Any CPU = Release|Any CPU
	EndGlobalSection
	GlobalSection(ProjectConfigurationPlatforms) = postSolution
		{F827333F-5203-4DBA-B69D-1AE8443E4F91}.Debug|Any CPU.ActiveCfg = Debug|Any CPU
		{F827333F-5203-4DBA-B69D-1AE8443E4F91}.Debug|Any CPU.Build.0 = Debug|Any CPU
		{F827333F-5203-4DBA-B69D-1AE8443E4F91}.Release|Any CPU.ActiveCfg = Release|Any CPU
		{F827333F-5203-4DBA-B69D-1AE8443E4F91}.Release|Any CPU.Build.0 = Release|Any CPU
		{E37E99FA-3D54-416A-9A09-578641C784C7}.Debug|Any CPU.ActiveCfg = Debug|Any CPU
		{E37E99FA-3D54-416A-9A09-578641C784C7}.Debug|Any CPU.Build.0 = Debug|Any CPU
		{E37E99FA-3D54-416A-9A09-578641C784C7}.Release|Any CPU.ActiveCfg = Release|Any CPU
		{E37E99FA-3D54-416A-9A09-578641C784C7}.Release|Any CPU.Build.0 = Release|Any CPU
		{D9B3C75B-F800-466E-8E5D-C84097FC7244}.Debug|Any CPU.ActiveCfg = Debug|Any CPU
		{D9B3C75B-F800-466E-8E5D-C84097FC7244}.Debug|Any CPU.Build.0 = Debug|Any CPU
		{D9B3C75B-F800-466E-8E5D-C84097FC7244}.Release|Any CPU.ActiveCfg = Release|Any CPU
		{D9B3C75B-F800-466E-8E5D-C84097FC7244}.Release|Any CPU.Build.0 = Release|Any CPU
	EndGlobalSection
	GlobalSection(SolutionProperties) = preSolution
		HideSolutionNode = FALSE
	EndGlobalSection
	GlobalSection(ExtensibilityGlobals) = postSolution
		SolutionGuid = {1DD4A1C3-0911-40A4-9922-51049185DD4C}
	EndGlobalSection
EndGlobal
